// !$*UTF8*$!
{
	archiveVersion = 1;
	classes = {
	};
	objectVersion = 56;
	objects = {

/* Begin PBXBuildFile section */
		5698CB261F8C5ED67EB7376A /* Pods_ToDoList.framework in Frameworks */ = {isa = PBXBuildFile; fileRef = 23818D0B331D5D2A7F835064 /* Pods_ToDoList.framework */; };
		D465F6A72BE5CF0D00E86B51 /* Date.swift in Sources */ = {isa = PBXBuildFile; fileRef = D465F6A62BE5CF0D00E86B51 /* Date.swift */; };
		D4688A762BD9BC5E002926B1 /* AppDelegate.swift in Sources */ = {isa = PBXBuildFile; fileRef = D4688A752BD9BC5E002926B1 /* AppDelegate.swift */; };
		D4688A782BD9BC5E002926B1 /* SceneDelegate.swift in Sources */ = {isa = PBXBuildFile; fileRef = D4688A772BD9BC5E002926B1 /* SceneDelegate.swift */; };
		D4688A7A2BD9BC5E002926B1 /* ViewController.swift in Sources */ = {isa = PBXBuildFile; fileRef = D4688A792BD9BC5E002926B1 /* ViewController.swift */; };
		D4688A7D2BD9BC5E002926B1 /* Base in Resources */ = {isa = PBXBuildFile; fileRef = D4688A7C2BD9BC5E002926B1 /* Base */; };
		D4688A7F2BD9BC60002926B1 /* Assets.xcassets in Resources */ = {isa = PBXBuildFile; fileRef = D4688A7E2BD9BC60002926B1 /* Assets.xcassets */; };
		D4688A822BD9BC60002926B1 /* Base in Resources */ = {isa = PBXBuildFile; fileRef = D4688A812BD9BC60002926B1 /* Base */; };
		D4688A9F2BDDB6F8002926B1 /* InitialTasks.storyboard in Resources */ = {isa = PBXBuildFile; fileRef = D4688A9E2BDDB6F8002926B1 /* InitialTasks.storyboard */; };
		D4688AA12BDE953C002926B1 /* LoginController.swift in Sources */ = {isa = PBXBuildFile; fileRef = D4688AA02BDE953C002926B1 /* LoginController.swift */; };
		D4688AA32BDE9568002926B1 /* ListTaskController.swift in Sources */ = {isa = PBXBuildFile; fileRef = D4688AA22BDE9568002926B1 /* ListTaskController.swift */; };
		D4688AA52BDE95CD002926B1 /* ManageTasksTableController.swift in Sources */ = {isa = PBXBuildFile; fileRef = D4688AA42BDE95CD002926B1 /* ManageTasksTableController.swift */; };
		D49D6C3D2BE5BBE7009C82F5 /* TimePicker.storyboard in Resources */ = {isa = PBXBuildFile; fileRef = D49D6C3C2BE5BBE7009C82F5 /* TimePicker.storyboard */; };
		D49D6C3F2BE5BC48009C82F5 /* TimePickerController.swift in Sources */ = {isa = PBXBuildFile; fileRef = D49D6C3E2BE5BC48009C82F5 /* TimePickerController.swift */; };
		D4A46B442BE066E6009E8C3B /* EmptyTableCell.swift in Sources */ = {isa = PBXBuildFile; fileRef = D4A46B422BE066E6009E8C3B /* EmptyTableCell.swift */; };
		D4A46B452BE066E6009E8C3B /* EmptyTableCell.xib in Resources */ = {isa = PBXBuildFile; fileRef = D4A46B432BE066E6009E8C3B /* EmptyTableCell.xib */; };
		D4A46B472BE45B20009E8C3B /* TaskTableCell.swift in Sources */ = {isa = PBXBuildFile; fileRef = D4A46B462BE45B20009E8C3B /* TaskTableCell.swift */; };
		D4C372392BE678E20034020A /* Tasks.swift in Sources */ = {isa = PBXBuildFile; fileRef = D4C372382BE678E20034020A /* Tasks.swift */; };
/* End PBXBuildFile section */

/* Begin PBXFileReference section */
		037A28E8CDE8266800C68A6E /* Pods-ToDoList.debug.xcconfig */ = {isa = PBXFileReference; includeInIndex = 1; lastKnownFileType = text.xcconfig; name = "Pods-ToDoList.debug.xcconfig"; path = "Target Support Files/Pods-ToDoList/Pods-ToDoList.debug.xcconfig"; sourceTree = "<group>"; };
		23818D0B331D5D2A7F835064 /* Pods_ToDoList.framework */ = {isa = PBXFileReference; explicitFileType = wrapper.framework; includeInIndex = 0; path = Pods_ToDoList.framework; sourceTree = BUILT_PRODUCTS_DIR; };
		38E0C601C6AED4B5741A93D1 /* Pods-ToDoList.release.xcconfig */ = {isa = PBXFileReference; includeInIndex = 1; lastKnownFileType = text.xcconfig; name = "Pods-ToDoList.release.xcconfig"; path = "Target Support Files/Pods-ToDoList/Pods-ToDoList.release.xcconfig"; sourceTree = "<group>"; };
		D465F6A62BE5CF0D00E86B51 /* Date.swift */ = {isa = PBXFileReference; lastKnownFileType = sourcecode.swift; path = Date.swift; sourceTree = "<group>"; };
		D4688A722BD9BC5E002926B1 /* ToDoList.app */ = {isa = PBXFileReference; explicitFileType = wrapper.application; includeInIndex = 0; path = ToDoList.app; sourceTree = BUILT_PRODUCTS_DIR; };
		D4688A752BD9BC5E002926B1 /* AppDelegate.swift */ = {isa = PBXFileReference; lastKnownFileType = sourcecode.swift; path = AppDelegate.swift; sourceTree = "<group>"; };
		D4688A772BD9BC5E002926B1 /* SceneDelegate.swift */ = {isa = PBXFileReference; lastKnownFileType = sourcecode.swift; path = SceneDelegate.swift; sourceTree = "<group>"; };
		D4688A792BD9BC5E002926B1 /* ViewController.swift */ = {isa = PBXFileReference; lastKnownFileType = sourcecode.swift; path = ViewController.swift; sourceTree = "<group>"; };
		D4688A7C2BD9BC5E002926B1 /* Base */ = {isa = PBXFileReference; lastKnownFileType = file.storyboard; name = Base; path = Base.lproj/Main.storyboard; sourceTree = "<group>"; };
		D4688A7E2BD9BC60002926B1 /* Assets.xcassets */ = {isa = PBXFileReference; lastKnownFileType = folder.assetcatalog; path = Assets.xcassets; sourceTree = "<group>"; };
		D4688A812BD9BC60002926B1 /* Base */ = {isa = PBXFileReference; lastKnownFileType = file.storyboard; name = Base; path = Base.lproj/LaunchScreen.storyboard; sourceTree = "<group>"; };
		D4688A832BD9BC60002926B1 /* Info.plist */ = {isa = PBXFileReference; lastKnownFileType = text.plist.xml; path = Info.plist; sourceTree = "<group>"; };
		D4688A9E2BDDB6F8002926B1 /* InitialTasks.storyboard */ = {isa = PBXFileReference; lastKnownFileType = file.storyboard; path = InitialTasks.storyboard; sourceTree = "<group>"; };
		D4688AA02BDE953C002926B1 /* LoginController.swift */ = {isa = PBXFileReference; lastKnownFileType = sourcecode.swift; path = LoginController.swift; sourceTree = "<group>"; };
		D4688AA22BDE9568002926B1 /* ListTaskController.swift */ = {isa = PBXFileReference; lastKnownFileType = sourcecode.swift; path = ListTaskController.swift; sourceTree = "<group>"; };
		D4688AA42BDE95CD002926B1 /* ManageTasksTableController.swift */ = {isa = PBXFileReference; lastKnownFileType = sourcecode.swift; path = ManageTasksTableController.swift; sourceTree = "<group>"; };
		D49D6C3C2BE5BBE7009C82F5 /* TimePicker.storyboard */ = {isa = PBXFileReference; lastKnownFileType = file.storyboard; path = TimePicker.storyboard; sourceTree = "<group>"; };
		D49D6C3E2BE5BC48009C82F5 /* TimePickerController.swift */ = {isa = PBXFileReference; lastKnownFileType = sourcecode.swift; path = TimePickerController.swift; sourceTree = "<group>"; };
		D4A46B422BE066E6009E8C3B /* EmptyTableCell.swift */ = {isa = PBXFileReference; lastKnownFileType = sourcecode.swift; path = EmptyTableCell.swift; sourceTree = "<group>"; };
		D4A46B432BE066E6009E8C3B /* EmptyTableCell.xib */ = {isa = PBXFileReference; lastKnownFileType = file.xib; path = EmptyTableCell.xib; sourceTree = "<group>"; };
		D4A46B462BE45B20009E8C3B /* TaskTableCell.swift */ = {isa = PBXFileReference; lastKnownFileType = sourcecode.swift; path = TaskTableCell.swift; sourceTree = "<group>"; };
		D4C372382BE678E20034020A /* Tasks.swift */ = {isa = PBXFileReference; lastKnownFileType = sourcecode.swift; path = Tasks.swift; sourceTree = "<group>"; };
/* End PBXFileReference section */

/* Begin PBXFrameworksBuildPhase section */
		D4688A6F2BD9BC5E002926B1 /* Frameworks */ = {
			isa = PBXFrameworksBuildPhase;
			buildActionMask = 2147483647;
			files = (
				5698CB261F8C5ED67EB7376A /* Pods_ToDoList.framework in Frameworks */,
			);
			runOnlyForDeploymentPostprocessing = 0;
		};
/* End PBXFrameworksBuildPhase section */

/* Begin PBXGroup section */
		7592B162B17D5885934FD9AC /* Pods */ = {
			isa = PBXGroup;
			children = (
				037A28E8CDE8266800C68A6E /* Pods-ToDoList.debug.xcconfig */,
				38E0C601C6AED4B5741A93D1 /* Pods-ToDoList.release.xcconfig */,
			);
			path = Pods;
			sourceTree = "<group>";
		};
		8E4A54BD34A868C4D9FC3F95 /* Frameworks */ = {
			isa = PBXGroup;
			children = (
				23818D0B331D5D2A7F835064 /* Pods_ToDoList.framework */,
			);
			name = Frameworks;
			sourceTree = "<group>";
		};
		D465F6A52BE5CEF600E86B51 /* Extensions */ = {
			isa = PBXGroup;
			children = (
				D465F6A62BE5CF0D00E86B51 /* Date.swift */,
			);
			path = Extensions;
			sourceTree = "<group>";
		};
		D4688A692BD9BC5E002926B1 = {
			isa = PBXGroup;
			children = (
				D4688A742BD9BC5E002926B1 /* ToDoList */,
				7592B162B17D5885934FD9AC /* Pods */,
				8E4A54BD34A868C4D9FC3F95 /* Frameworks */,
			);
			sourceTree = "<group>";
		};
		D4688A732BD9BC5E002926B1 /* Products */ = {
			isa = PBXGroup;
			children = (
				D4688A722BD9BC5E002926B1 /* ToDoList.app */,
			);
			name = Products;
			path = ..;
			sourceTree = "<group>";
		};
		D4688A742BD9BC5E002926B1 /* ToDoList */ = {
			isa = PBXGroup;
			children = (
				D4688A8C2BD9CD29002926B1 /* Sources */,
				D4688A752BD9BC5E002926B1 /* AppDelegate.swift */,
				D4688A772BD9BC5E002926B1 /* SceneDelegate.swift */,
				D4688A792BD9BC5E002926B1 /* ViewController.swift */,
				D4688A7B2BD9BC5E002926B1 /* Main.storyboard */,
				D4688A7E2BD9BC60002926B1 /* Assets.xcassets */,
				D4688A732BD9BC5E002926B1 /* Products */,
				D4688A802BD9BC60002926B1 /* LaunchScreen.storyboard */,
				D4688A832BD9BC60002926B1 /* Info.plist */,
			);
			path = ToDoList;
			sourceTree = "<group>";
		};
		D4688A892BD9CD29002926B1 /* Controller */ = {
			isa = PBXGroup;
			children = (
				D4688AA02BDE953C002926B1 /* LoginController.swift */,
				D4688AA22BDE9568002926B1 /* ListTaskController.swift */,
				D4688AA42BDE95CD002926B1 /* ManageTasksTableController.swift */,
			);
			path = Controller;
			sourceTree = "<group>";
		};
		D4688A8A2BD9CD29002926B1 /* Model */ = {
			isa = PBXGroup;
			children = (
				D4C372382BE678E20034020A /* Tasks.swift */,
			);
			path = Model;
			sourceTree = "<group>";
		};
		D4688A8B2BD9CD29002926B1 /* View */ = {
			isa = PBXGroup;
			children = (
				D4A46B412BE066AA009E8C3B /* Cell */,
				D4688A9E2BDDB6F8002926B1 /* InitialTasks.storyboard */,
			);
			path = View;
			sourceTree = "<group>";
		};
		D4688A8C2BD9CD29002926B1 /* Sources */ = {
			isa = PBXGroup;
			children = (
				D465F6A52BE5CEF600E86B51 /* Extensions */,
				D49D6C352BE5A651009C82F5 /* Components */,
				D4688A892BD9CD29002926B1 /* Controller */,
				D4688A8A2BD9CD29002926B1 /* Model */,
				D4688A8B2BD9CD29002926B1 /* View */,
			);
			path = Sources;
			sourceTree = "<group>";
		};
		D49D6C352BE5A651009C82F5 /* Components */ = {
			isa = PBXGroup;
			children = (
				D49D6C3C2BE5BBE7009C82F5 /* TimePicker.storyboard */,
				D49D6C3E2BE5BC48009C82F5 /* TimePickerController.swift */,
			);
			path = Components;
			sourceTree = "<group>";
		};
		D4A46B412BE066AA009E8C3B /* Cell */ = {
			isa = PBXGroup;
			children = (
				D4A46B422BE066E6009E8C3B /* EmptyTableCell.swift */,
				D4A46B432BE066E6009E8C3B /* EmptyTableCell.xib */,
				D4A46B462BE45B20009E8C3B /* TaskTableCell.swift */,
			);
			path = Cell;
			sourceTree = "<group>";
		};
/* End PBXGroup section */

/* Begin PBXNativeTarget section */
		D4688A712BD9BC5E002926B1 /* ToDoList */ = {
			isa = PBXNativeTarget;
			buildConfigurationList = D4688A862BD9BC60002926B1 /* Build configuration list for PBXNativeTarget "ToDoList" */;
			buildPhases = (
				B3114C670825898A39D2D6A5 /* [CP] Check Pods Manifest.lock */,
				D4688A6E2BD9BC5E002926B1 /* Sources */,
				D4688A6F2BD9BC5E002926B1 /* Frameworks */,
				D4688A702BD9BC5E002926B1 /* Resources */,
				0A57ABECBC0EA61BDE51785F /* [CP] Embed Pods Frameworks */,
			);
			buildRules = (
			);
			dependencies = (
			);
			name = ToDoList;
			productName = ToDoList;
			productReference = D4688A722BD9BC5E002926B1 /* ToDoList.app */;
			productType = "com.apple.product-type.application";
		};
/* End PBXNativeTarget section */

/* Begin PBXProject section */
		D4688A6A2BD9BC5E002926B1 /* Project object */ = {
			isa = PBXProject;
			attributes = {
				BuildIndependentTargetsInParallel = 1;
				LastSwiftUpdateCheck = 1530;
				LastUpgradeCheck = 1530;
				TargetAttributes = {
					D4688A712BD9BC5E002926B1 = {
						CreatedOnToolsVersion = 15.3;
					};
				};
			};
			buildConfigurationList = D4688A6D2BD9BC5E002926B1 /* Build configuration list for PBXProject "ToDoList" */;
			compatibilityVersion = "Xcode 14.0";
			developmentRegion = en;
			hasScannedForEncodings = 0;
			knownRegions = (
				en,
				Base,
			);
			mainGroup = D4688A692BD9BC5E002926B1;
			productRefGroup = D4688A732BD9BC5E002926B1 /* Products */;
			projectDirPath = "";
			projectRoot = "";
			targets = (
				D4688A712BD9BC5E002926B1 /* ToDoList */,
			);
		};
/* End PBXProject section */

/* Begin PBXResourcesBuildPhase section */
		D4688A702BD9BC5E002926B1 /* Resources */ = {
			isa = PBXResourcesBuildPhase;
			buildActionMask = 2147483647;
			files = (
				D4688A7F2BD9BC60002926B1 /* Assets.xcassets in Resources */,
				D4688A822BD9BC60002926B1 /* Base in Resources */,
				D4688A9F2BDDB6F8002926B1 /* InitialTasks.storyboard in Resources */,
				D4A46B452BE066E6009E8C3B /* EmptyTableCell.xib in Resources */,
				D4688A7D2BD9BC5E002926B1 /* Base in Resources */,
				D49D6C3D2BE5BBE7009C82F5 /* TimePicker.storyboard in Resources */,
			);
			runOnlyForDeploymentPostprocessing = 0;
		};
/* End PBXResourcesBuildPhase section */

/* Begin PBXShellScriptBuildPhase section */
		0A57ABECBC0EA61BDE51785F /* [CP] Embed Pods Frameworks */ = {
			isa = PBXShellScriptBuildPhase;
			buildActionMask = 2147483647;
			files = (
			);
			inputFileListPaths = (
				"${PODS_ROOT}/Target Support Files/Pods-ToDoList/Pods-ToDoList-frameworks-${CONFIGURATION}-input-files.xcfilelist",
			);
			name = "[CP] Embed Pods Frameworks";
			outputFileListPaths = (
				"${PODS_ROOT}/Target Support Files/Pods-ToDoList/Pods-ToDoList-frameworks-${CONFIGURATION}-output-files.xcfilelist",
			);
			runOnlyForDeploymentPostprocessing = 0;
			shellPath = /bin/sh;
			shellScript = "\"${PODS_ROOT}/Target Support Files/Pods-ToDoList/Pods-ToDoList-frameworks.sh\"\n";
			showEnvVarsInLog = 0;
		};
		B3114C670825898A39D2D6A5 /* [CP] Check Pods Manifest.lock */ = {
			isa = PBXShellScriptBuildPhase;
			buildActionMask = 2147483647;
			files = (
			);
			inputFileListPaths = (
			);
			inputPaths = (
				"${PODS_PODFILE_DIR_PATH}/Podfile.lock",
				"${PODS_ROOT}/Manifest.lock",
			);
			name = "[CP] Check Pods Manifest.lock";
			outputFileListPaths = (
			);
			outputPaths = (
				"$(DERIVED_FILE_DIR)/Pods-ToDoList-checkManifestLockResult.txt",
			);
			runOnlyForDeploymentPostprocessing = 0;
			shellPath = /bin/sh;
			shellScript = "diff \"${PODS_PODFILE_DIR_PATH}/Podfile.lock\" \"${PODS_ROOT}/Manifest.lock\" > /dev/null\nif [ $? != 0 ] ; then\n    # print error to STDERR\n    echo \"error: The sandbox is not in sync with the Podfile.lock. Run 'pod install' or update your CocoaPods installation.\" >&2\n    exit 1\nfi\n# This output is used by Xcode 'outputs' to avoid re-running this script phase.\necho \"SUCCESS\" > \"${SCRIPT_OUTPUT_FILE_0}\"\n";
			showEnvVarsInLog = 0;
		};
/* End PBXShellScriptBuildPhase section */

/* Begin PBXSourcesBuildPhase section */
		D4688A6E2BD9BC5E002926B1 /* Sources */ = {
			isa = PBXSourcesBuildPhase;
			buildActionMask = 2147483647;
			files = (
				D4688AA52BDE95CD002926B1 /* ManageTasksTableController.swift in Sources */,
				D465F6A72BE5CF0D00E86B51 /* Date.swift in Sources */,
				D49D6C3F2BE5BC48009C82F5 /* TimePickerController.swift in Sources */,
				D4A46B472BE45B20009E8C3B /* TaskTableCell.swift in Sources */,
				D4688A7A2BD9BC5E002926B1 /* ViewController.swift in Sources */,
				D4A46B442BE066E6009E8C3B /* EmptyTableCell.swift in Sources */,
				D4C372392BE678E20034020A /* Tasks.swift in Sources */,
				D4688AA32BDE9568002926B1 /* ListTaskController.swift in Sources */,
				D4688AA12BDE953C002926B1 /* LoginController.swift in Sources */,
				D4688A762BD9BC5E002926B1 /* AppDelegate.swift in Sources */,
				D4688A782BD9BC5E002926B1 /* SceneDelegate.swift in Sources */,
			);
			runOnlyForDeploymentPostprocessing = 0;
		};
/* End PBXSourcesBuildPhase section */

/* Begin PBXVariantGroup section */
		D4688A7B2BD9BC5E002926B1 /* Main.storyboard */ = {
			isa = PBXVariantGroup;
			children = (
				D4688A7C2BD9BC5E002926B1 /* Base */,
			);
			name = Main.storyboard;
			sourceTree = "<group>";
		};
		D4688A802BD9BC60002926B1 /* LaunchScreen.storyboard */ = {
			isa = PBXVariantGroup;
			children = (
				D4688A812BD9BC60002926B1 /* Base */,
			);
			name = LaunchScreen.storyboard;
			sourceTree = "<group>";
		};
/* End PBXVariantGroup section */

/* Begin XCBuildConfiguration section */
		D4688A842BD9BC60002926B1 /* Debug */ = {
			isa = XCBuildConfiguration;
			buildSettings = {
				ALWAYS_SEARCH_USER_PATHS = NO;
				ASSETCATALOG_COMPILER_GENERATE_SWIFT_ASSET_SYMBOL_EXTENSIONS = YES;
				CLANG_ANALYZER_NONNULL = YES;
				CLANG_ANALYZER_NUMBER_OBJECT_CONVERSION = YES_AGGRESSIVE;
				CLANG_CXX_LANGUAGE_STANDARD = "gnu++20";
				CLANG_ENABLE_MODULES = YES;
				CLANG_ENABLE_OBJC_ARC = YES;
				CLANG_ENABLE_OBJC_WEAK = YES;
				CLANG_WARN_BLOCK_CAPTURE_AUTORELEASING = YES;
				CLANG_WARN_BOOL_CONVERSION = YES;
				CLANG_WARN_COMMA = YES;
				CLANG_WARN_CONSTANT_CONVERSION = YES;
				CLANG_WARN_DEPRECATED_OBJC_IMPLEMENTATIONS = YES;
				CLANG_WARN_DIRECT_OBJC_ISA_USAGE = YES_ERROR;
				CLANG_WARN_DOCUMENTATION_COMMENTS = YES;
				CLANG_WARN_EMPTY_BODY = YES;
				CLANG_WARN_ENUM_CONVERSION = YES;
				CLANG_WARN_INFINITE_RECURSION = YES;
				CLANG_WARN_INT_CONVERSION = YES;
				CLANG_WARN_NON_LITERAL_NULL_CONVERSION = YES;
				CLANG_WARN_OBJC_IMPLICIT_RETAIN_SELF = YES;
				CLANG_WARN_OBJC_LITERAL_CONVERSION = YES;
				CLANG_WARN_OBJC_ROOT_CLASS = YES_ERROR;
				CLANG_WARN_QUOTED_INCLUDE_IN_FRAMEWORK_HEADER = YES;
				CLANG_WARN_RANGE_LOOP_ANALYSIS = YES;
				CLANG_WARN_STRICT_PROTOTYPES = YES;
				CLANG_WARN_SUSPICIOUS_MOVE = YES;
				CLANG_WARN_UNGUARDED_AVAILABILITY = YES_AGGRESSIVE;
				CLANG_WARN_UNREACHABLE_CODE = YES;
				CLANG_WARN__DUPLICATE_METHOD_MATCH = YES;
				COPY_PHASE_STRIP = NO;
				DEBUG_INFORMATION_FORMAT = dwarf;
				ENABLE_STRICT_OBJC_MSGSEND = YES;
				ENABLE_TESTABILITY = YES;
				ENABLE_USER_SCRIPT_SANDBOXING = YES;
				GCC_C_LANGUAGE_STANDARD = gnu17;
				GCC_DYNAMIC_NO_PIC = NO;
				GCC_NO_COMMON_BLOCKS = YES;
				GCC_OPTIMIZATION_LEVEL = 0;
				GCC_PREPROCESSOR_DEFINITIONS = (
					"DEBUG=1",
					"$(inherited)",
				);
				GCC_WARN_64_TO_32_BIT_CONVERSION = YES;
				GCC_WARN_ABOUT_RETURN_TYPE = YES_ERROR;
				GCC_WARN_UNDECLARED_SELECTOR = YES;
				GCC_WARN_UNINITIALIZED_AUTOS = YES_AGGRESSIVE;
				GCC_WARN_UNUSED_FUNCTION = YES;
				GCC_WARN_UNUSED_VARIABLE = YES;
				IPHONEOS_DEPLOYMENT_TARGET = 17.4;
				LOCALIZATION_PREFERS_STRING_CATALOGS = YES;
				MTL_ENABLE_DEBUG_INFO = INCLUDE_SOURCE;
				MTL_FAST_MATH = YES;
				ONLY_ACTIVE_ARCH = YES;
				SDKROOT = iphoneos;
				SWIFT_ACTIVE_COMPILATION_CONDITIONS = "DEBUG $(inherited)";
				SWIFT_OPTIMIZATION_LEVEL = "-Onone";
			};
			name = Debug;
		};
		D4688A852BD9BC60002926B1 /* Release */ = {
			isa = XCBuildConfiguration;
			buildSettings = {
				ALWAYS_SEARCH_USER_PATHS = NO;
				ASSETCATALOG_COMPILER_GENERATE_SWIFT_ASSET_SYMBOL_EXTENSIONS = YES;
				CLANG_ANALYZER_NONNULL = YES;
				CLANG_ANALYZER_NUMBER_OBJECT_CONVERSION = YES_AGGRESSIVE;
				CLANG_CXX_LANGUAGE_STANDARD = "gnu++20";
				CLANG_ENABLE_MODULES = YES;
				CLANG_ENABLE_OBJC_ARC = YES;
				CLANG_ENABLE_OBJC_WEAK = YES;
				CLANG_WARN_BLOCK_CAPTURE_AUTORELEASING = YES;
				CLANG_WARN_BOOL_CONVERSION = YES;
				CLANG_WARN_COMMA = YES;
				CLANG_WARN_CONSTANT_CONVERSION = YES;
				CLANG_WARN_DEPRECATED_OBJC_IMPLEMENTATIONS = YES;
				CLANG_WARN_DIRECT_OBJC_ISA_USAGE = YES_ERROR;
				CLANG_WARN_DOCUMENTATION_COMMENTS = YES;
				CLANG_WARN_EMPTY_BODY = YES;
				CLANG_WARN_ENUM_CONVERSION = YES;
				CLANG_WARN_INFINITE_RECURSION = YES;
				CLANG_WARN_INT_CONVERSION = YES;
				CLANG_WARN_NON_LITERAL_NULL_CONVERSION = YES;
				CLANG_WARN_OBJC_IMPLICIT_RETAIN_SELF = YES;
				CLANG_WARN_OBJC_LITERAL_CONVERSION = YES;
				CLANG_WARN_OBJC_ROOT_CLASS = YES_ERROR;
				CLANG_WARN_QUOTED_INCLUDE_IN_FRAMEWORK_HEADER = YES;
				CLANG_WARN_RANGE_LOOP_ANALYSIS = YES;
				CLANG_WARN_STRICT_PROTOTYPES = YES;
				CLANG_WARN_SUSPICIOUS_MOVE = YES;
				CLANG_WARN_UNGUARDED_AVAILABILITY = YES_AGGRESSIVE;
				CLANG_WARN_UNREACHABLE_CODE = YES;
				CLANG_WARN__DUPLICATE_METHOD_MATCH = YES;
				COPY_PHASE_STRIP = NO;
				DEBUG_INFORMATION_FORMAT = "dwarf-with-dsym";
				ENABLE_NS_ASSERTIONS = NO;
				ENABLE_STRICT_OBJC_MSGSEND = YES;
				ENABLE_USER_SCRIPT_SANDBOXING = YES;
				GCC_C_LANGUAGE_STANDARD = gnu17;
				GCC_NO_COMMON_BLOCKS = YES;
				GCC_WARN_64_TO_32_BIT_CONVERSION = YES;
				GCC_WARN_ABOUT_RETURN_TYPE = YES_ERROR;
				GCC_WARN_UNDECLARED_SELECTOR = YES;
				GCC_WARN_UNINITIALIZED_AUTOS = YES_AGGRESSIVE;
				GCC_WARN_UNUSED_FUNCTION = YES;
				GCC_WARN_UNUSED_VARIABLE = YES;
				IPHONEOS_DEPLOYMENT_TARGET = 17.4;
				LOCALIZATION_PREFERS_STRING_CATALOGS = YES;
				MTL_ENABLE_DEBUG_INFO = NO;
				MTL_FAST_MATH = YES;
				SDKROOT = iphoneos;
				SWIFT_COMPILATION_MODE = wholemodule;
				VALIDATE_PRODUCT = YES;
			};
			name = Release;
		};
		D4688A872BD9BC60002926B1 /* Debug */ = {
			isa = XCBuildConfiguration;
			baseConfigurationReference = 037A28E8CDE8266800C68A6E /* Pods-ToDoList.debug.xcconfig */;
			buildSettings = {
				ASSETCATALOG_COMPILER_APPICON_NAME = AppIcon;
				ASSETCATALOG_COMPILER_GLOBAL_ACCENT_COLOR_NAME = AccentColor;
				CODE_SIGN_STYLE = Automatic;
				CURRENT_PROJECT_VERSION = 1;
				DEVELOPMENT_TEAM = ZZB3WN7X54;
				ENABLE_USER_SCRIPT_SANDBOXING = NO;
				GENERATE_INFOPLIST_FILE = YES;
				INFOPLIST_FILE = ToDoList/Info.plist;
				INFOPLIST_KEY_UIApplicationSupportsIndirectInputEvents = YES;
				INFOPLIST_KEY_UILaunchStoryboardName = LaunchScreen;
				INFOPLIST_KEY_UIMainStoryboardFile = Main;
				INFOPLIST_KEY_UISupportedInterfaceOrientations = UIInterfaceOrientationPortrait;
				IPHONEOS_DEPLOYMENT_TARGET = 17.4;
				LD_RUNPATH_SEARCH_PATHS = (
					"$(inherited)",
					"@executable_path/Frameworks",
				);
				MARKETING_VERSION = 1.0;
				PRODUCT_BUNDLE_IDENTIFIER = personal.ToDoList;
				PRODUCT_NAME = "$(TARGET_NAME)";
				SWIFT_EMIT_LOC_STRINGS = YES;
				SWIFT_VERSION = 5.0;
				TARGETED_DEVICE_FAMILY = "1,2";
			};
			name = Debug;
		};
		D4688A882BD9BC60002926B1 /* Release */ = {
			isa = XCBuildConfiguration;
			baseConfigurationReference = 38E0C601C6AED4B5741A93D1 /* Pods-ToDoList.release.xcconfig */;
			buildSettings = {
				ASSETCATALOG_COMPILER_APPICON_NAME = AppIcon;
				ASSETCATALOG_COMPILER_GLOBAL_ACCENT_COLOR_NAME = AccentColor;
				CODE_SIGN_STYLE = Automatic;
				CURRENT_PROJECT_VERSION = 1;
				DEVELOPMENT_TEAM = ZZB3WN7X54;
				ENABLE_USER_SCRIPT_SANDBOXING = NO;
				GENERATE_INFOPLIST_FILE = YES;
				INFOPLIST_FILE = ToDoList/Info.plist;
				INFOPLIST_KEY_UIApplicationSupportsIndirectInputEvents = YES;
				INFOPLIST_KEY_UILaunchStoryboardName = LaunchScreen;
				INFOPLIST_KEY_UIMainStoryboardFile = Main;
				INFOPLIST_KEY_UISupportedInterfaceOrientations = UIInterfaceOrientationPortrait;
				IPHONEOS_DEPLOYMENT_TARGET = 17.4;
				LD_RUNPATH_SEARCH_PATHS = (
					"$(inherited)",
					"@executable_path/Frameworks",
				);
				MARKETING_VERSION = 1.0;
				PRODUCT_BUNDLE_IDENTIFIER = personal.ToDoList;
				PRODUCT_NAME = "$(TARGET_NAME)";
				SWIFT_EMIT_LOC_STRINGS = YES;
				SWIFT_VERSION = 5.0;
				TARGETED_DEVICE_FAMILY = "1,2";
			};
			name = Release;
		};
/* End XCBuildConfiguration section */

/* Begin XCConfigurationList section */
		D4688A6D2BD9BC5E002926B1 /* Build configuration list for PBXProject "ToDoList" */ = {
			isa = XCConfigurationList;
			buildConfigurations = (
				D4688A842BD9BC60002926B1 /* Debug */,
				D4688A852BD9BC60002926B1 /* Release */,
			);
			defaultConfigurationIsVisible = 0;
			defaultConfigurationName = Release;
		};
		D4688A862BD9BC60002926B1 /* Build configuration list for PBXNativeTarget "ToDoList" */ = {
			isa = XCConfigurationList;
			buildConfigurations = (
				D4688A872BD9BC60002926B1 /* Debug */,
				D4688A882BD9BC60002926B1 /* Release */,
			);
			defaultConfigurationIsVisible = 0;
			defaultConfigurationName = Release;
		};
/* End XCConfigurationList section */
	};
	rootObject = D4688A6A2BD9BC5E002926B1 /* Project object */;
}
